{
  "requires": true,
  "lockfileVersion": 1,
  "dependencies": {
    "cordova-plugin-badge": {
      "version": "0.8.7",
      "resolved": "https://registry.npmjs.org/cordova-plugin-badge/-/cordova-plugin-badge-0.8.7.tgz",
      "integrity": "sha512-s+s4yusKdeJ4sMPhQs4zR3lR2UuROzSy14GFAp00pTHPiBfCtxeINSUYAZYnpuO3RGx6PPlVCwSJpVG0IdM58g=="
    },
    "cordova-plugin-local-notification": {
      "version": "git+https://github.com/katzer/cordova-plugin-local-notifications.git#6d1b27f1e9d8e2198fd1ea6e9032419295690c47",
      "from": "git+https://github.com/katzer/cordova-plugin-local-notifications.git"
    }
  }
}
